
Microsoft Visual Studio Solution File, Format Version 12.00
# Visual Studio Version 16
VisualStudioVersion = 25.0.1705.4
MinimumVisualStudioVersion = 10.0.40219.1
Project("{FAE04EC0-301F-11D3-BF4B-00C04F79EFBC}") = "AspNetCoreIdentity", "AspNetCoreIdentity\AspNetCoreIdentity.csproj", "{52110E42-7096-4201-9AC9-BA1CB2D37E75}"
EndProject
Global
	GlobalSection(SolutionConfigurationPlatforms) = preSolution
		Debug|Any CPU = Debug|Any CPU
		Release|Any CPU = Release|Any CPU
	EndGlobalSection
	GlobalSection(ProjectConfigurationPlatforms) = postSolution
		{52110E42-7096-4201-9AC9-BA1CB2D37E75}.Debug|Any CPU.ActiveCfg = Debug|Any CPU
		{52110E42-7096-4201-9AC9-BA1CB2D37E75}.Debug|Any CPU.Build.0 = Debug|Any CPU
		{52110E42-7096-4201-9AC9-BA1CB2D37E75}.Release|Any CPU.ActiveCfg = Release|Any CPU
		{52110E42-7096-4201-9AC9-BA1CB2D37E75}.Release|Any CPU.Build.0 = Release|Any CPU
	EndGlobalSection
	GlobalSection(SolutionProperties) = preSolution
		HideSolutionNode = FALSE
	EndGlobalSection
	GlobalSection(ExtensibilityGlobals) = postSolution
		SolutionGuid = {648FB003-A2C7-4F77-8F3D-40FF03DF5268}
	EndGlobalSection
EndGlobal
